
Microsoft Visual Studio Solution File, Format Version 12.00
# Visual Studio Version 17
VisualStudioVersion = 17.5.33414.496
MinimumVisualStudioVersion = 10.0.40219.1
Project("{FAE04EC0-301F-11D3-BF4B-00C04F79EFBC}") = "1-OlaMundo", "1-OlaMundo\1-OlaMundo.csproj", "{7F7CFC2F-75B1-4827-AFF1-5DFBA1D115BF}"
EndProject
Global
	GlobalSection(SolutionConfigurationPlatforms) = preSolution
		Debug|Any CPU = Debug|Any CPU
		Release|Any CPU = Release|Any CPU
	EndGlobalSection
	GlobalSection(ProjectConfigurationPlatforms) = postSolution
		{7F7CFC2F-75B1-4827-AFF1-5DFBA1D115BF}.Debug|Any CPU.ActiveCfg = Debug|Any CPU
		{7F7CFC2F-75B1-4827-AFF1-5DFBA1D115BF}.Debug|Any CPU.Build.0 = Debug|Any CPU
		{7F7CFC2F-75B1-4827-AFF1-5DFBA1D115BF}.Release|Any CPU.ActiveCfg = Release|Any CPU
		{7F7CFC2F-75B1-4827-AFF1-5DFBA1D115BF}.Release|Any CPU.Build.0 = Release|Any CPU
	EndGlobalSection
	GlobalSection(SolutionProperties) = preSolution
		HideSolutionNode = FALSE
	EndGlobalSection
	GlobalSection(ExtensibilityGlobals) = postSolution
		SolutionGuid = {625A1478-F09B-4AB0-9F12-F3FFCC43E992}
	EndGlobalSection
EndGlobal
